// !$*UTF8*$!
{
	archiveVersion = 1;
	classes = {
	};
	objectVersion = 50;
	objects = {

/* Begin PBXBuildFile section */
		68FB218826DFD4FE006387A2 /* AppDelegate.swift in Sources */ = {isa = PBXBuildFile; fileRef = 68FB218726DFD4FE006387A2 /* AppDelegate.swift */; };
		68FB218A26DFD4FE006387A2 /* GameScene.sks in Resources */ = {isa = PBXBuildFile; fileRef = 68FB218926DFD4FE006387A2 /* GameScene.sks */; };
		68FB218C26DFD4FE006387A2 /* Actions.sks in Resources */ = {isa = PBXBuildFile; fileRef = 68FB218B26DFD4FE006387A2 /* Actions.sks */; };
		68FB218E26DFD4FE006387A2 /* GameScene.swift in Sources */ = {isa = PBXBuildFile; fileRef = 68FB218D26DFD4FE006387A2 /* GameScene.swift */; };
		68FB219026DFD4FE006387A2 /* GameViewController.swift in Sources */ = {isa = PBXBuildFile; fileRef = 68FB218F26DFD4FE006387A2 /* GameViewController.swift */; };
		68FB219326DFD4FE006387A2 /* Main.storyboard in Resources */ = {isa = PBXBuildFile; fileRef = 68FB219126DFD4FE006387A2 /* Main.storyboard */; };
		68FB219526DFD501006387A2 /* Assets.xcassets in Resources */ = {isa = PBXBuildFile; fileRef = 68FB219426DFD501006387A2 /* Assets.xcassets */; };
		68FB219D26DFE4AF006387A2 /* LLPIXEL3.ttf in Resources */ = {isa = PBXBuildFile; fileRef = 68FB219C26DFE4AF006387A2 /* LLPIXEL3.ttf */; };
		68FB219F26E0C44F006387A2 /* Helpers.swift in Sources */ = {isa = PBXBuildFile; fileRef = 68FB219E26E0C44F006387A2 /* Helpers.swift */; };
/* End PBXBuildFile section */

/* Begin PBXFileReference section */
		68FB218426DFD4FE006387A2 /* Plong.app */ = {isa = PBXFileReference; explicitFileType = wrapper.application; includeInIndex = 0; path = Plong.app; sourceTree = BUILT_PRODUCTS_DIR; };
		68FB218726DFD4FE006387A2 /* AppDelegate.swift */ = {isa = PBXFileReference; lastKnownFileType = sourcecode.swift; path = AppDelegate.swift; sourceTree = "<group>"; };
		68FB218926DFD4FE006387A2 /* GameScene.sks */ = {isa = PBXFileReference; lastKnownFileType = file.sks; path = GameScene.sks; sourceTree = "<group>"; };
		68FB218B26DFD4FE006387A2 /* Actions.sks */ = {isa = PBXFileReference; lastKnownFileType = file.sks; path = Actions.sks; sourceTree = "<group>"; };
		68FB218D26DFD4FE006387A2 /* GameScene.swift */ = {isa = PBXFileReference; lastKnownFileType = sourcecode.swift; path = GameScene.swift; sourceTree = "<group>"; };
		68FB218F26DFD4FE006387A2 /* GameViewController.swift */ = {isa = PBXFileReference; lastKnownFileType = sourcecode.swift; path = GameViewController.swift; sourceTree = "<group>"; };
		68FB219226DFD4FE006387A2 /* Base */ = {isa = PBXFileReference; lastKnownFileType = file.storyboard; name = Base; path = Base.lproj/Main.storyboard; sourceTree = "<group>"; };
		68FB219426DFD501006387A2 /* Assets.xcassets */ = {isa = PBXFileReference; lastKnownFileType = folder.assetcatalog; path = Assets.xcassets; sourceTree = "<group>"; };
		68FB219626DFD501006387A2 /* Info.plist */ = {isa = PBXFileReference; lastKnownFileType = text.plist.xml; path = Info.plist; sourceTree = "<group>"; };
		68FB219C26DFE4AF006387A2 /* LLPIXEL3.ttf */ = {isa = PBXFileReference; lastKnownFileType = file; path = LLPIXEL3.ttf; sourceTree = "<group>"; };
		68FB219E26E0C44F006387A2 /* Helpers.swift */ = {isa = PBXFileReference; lastKnownFileType = sourcecode.swift; path = Helpers.swift; sourceTree = "<group>"; };
/* End PBXFileReference section */

/* Begin PBXFrameworksBuildPhase section */
		68FB218126DFD4FE006387A2 /* Frameworks */ = {
			isa = PBXFrameworksBuildPhase;
			buildActionMask = 2147483647;
			files = (
			);
			runOnlyForDeploymentPostprocessing = 0;
		};
/* End PBXFrameworksBuildPhase section */

/* Begin PBXGroup section */
		68FB217B26DFD4FE006387A2 = {
			isa = PBXGroup;
			children = (
				68FB218626DFD4FE006387A2 /* Plong */,
				68FB218526DFD4FE006387A2 /* Products */,
			);
			sourceTree = "<group>";
		};
		68FB218526DFD4FE006387A2 /* Products */ = {
			isa = PBXGroup;
			children = (
				68FB218426DFD4FE006387A2 /* Plong.app */,
			);
			name = Products;
			sourceTree = "<group>";
		};
		68FB218626DFD4FE006387A2 /* Plong */ = {
			isa = PBXGroup;
			children = (
				68FB218726DFD4FE006387A2 /* AppDelegate.swift */,
				68FB218926DFD4FE006387A2 /* GameScene.sks */,
				68FB218B26DFD4FE006387A2 /* Actions.sks */,
				68FB218D26DFD4FE006387A2 /* GameScene.swift */,
				68FB218F26DFD4FE006387A2 /* GameViewController.swift */,
				68FB219126DFD4FE006387A2 /* Main.storyboard */,
				68FB219426DFD501006387A2 /* Assets.xcassets */,
				68FB219626DFD501006387A2 /* Info.plist */,
				68FB219C26DFE4AF006387A2 /* LLPIXEL3.ttf */,
				68FB219E26E0C44F006387A2 /* Helpers.swift */,
			);
			path = Plong;
			sourceTree = "<group>";
		};
/* End PBXGroup section */

/* Begin PBXNativeTarget section */
		68FB218326DFD4FE006387A2 /* Plong */ = {
			isa = PBXNativeTarget;
			buildConfigurationList = 68FB219926DFD501006387A2 /* Build configuration list for PBXNativeTarget "Plong" */;
			buildPhases = (
				68FB218026DFD4FE006387A2 /* Sources */,
				68FB218126DFD4FE006387A2 /* Frameworks */,
				68FB218226DFD4FE006387A2 /* Resources */,
			);
			buildRules = (
			);
			dependencies = (
			);
			name = Plong;
			productName = Plong;
			productReference = 68FB218426DFD4FE006387A2 /* Plong.app */;
			productType = "com.apple.product-type.application";
		};
/* End PBXNativeTarget section */

/* Begin PBXProject section */
		68FB217C26DFD4FE006387A2 /* Project object */ = {
			isa = PBXProject;
			attributes = {
				LastSwiftUpdateCheck = 1250;
				LastUpgradeCheck = 1250;
				TargetAttributes = {
					68FB218326DFD4FE006387A2 = {
						CreatedOnToolsVersion = 12.5.1;
					};
				};
			};
			buildConfigurationList = 68FB217F26DFD4FE006387A2 /* Build configuration list for PBXProject "Plong" */;
			compatibilityVersion = "Xcode 9.3";
			developmentRegion = en;
			hasScannedForEncodings = 0;
			knownRegions = (
				en,
				Base,
			);
			mainGroup = 68FB217B26DFD4FE006387A2;
			productRefGroup = 68FB218526DFD4FE006387A2 /* Products */;
			projectDirPath = "";
			projectRoot = "";
			targets = (
				68FB218326DFD4FE006387A2 /* Plong */,
			);
		};
/* End PBXProject section */

/* Begin PBXResourcesBuildPhase section */
		68FB218226DFD4FE006387A2 /* Resources */ = {
			isa = PBXResourcesBuildPhase;
			buildActionMask = 2147483647;
			files = (
				68FB219326DFD4FE006387A2 /* Main.storyboard in Resources */,
				68FB219D26DFE4AF006387A2 /* LLPIXEL3.ttf in Resources */,
				68FB218A26DFD4FE006387A2 /* GameScene.sks in Resources */,
				68FB219526DFD501006387A2 /* Assets.xcassets in Resources */,
				68FB218C26DFD4FE006387A2 /* Actions.sks in Resources */,
			);
			runOnlyForDeploymentPostprocessing = 0;
		};
/* End PBXResourcesBuildPhase section */

/* Begin PBXSourcesBuildPhase section */
		68FB218026DFD4FE006387A2 /* Sources */ = {
			isa = PBXSourcesBuildPhase;
			buildActionMask = 2147483647;
			files = (
				68FB218E26DFD4FE006387A2 /* GameScene.swift in Sources */,
				68FB219026DFD4FE006387A2 /* GameViewController.swift in Sources */,
				68FB218826DFD4FE006387A2 /* AppDelegate.swift in Sources */,
				68FB219F26E0C44F006387A2 /* Helpers.swift in Sources */,
			);
			runOnlyForDeploymentPostprocessing = 0;
		};
/* End PBXSourcesBuildPhase section */

/* Begin PBXVariantGroup section */
		68FB219126DFD4FE006387A2 /* Main.storyboard */ = {
			isa = PBXVariantGroup;
			children = (
				68FB219226DFD4FE006387A2 /* Base */,
			);
			name = Main.storyboard;
			sourceTree = "<group>";
		};
/* End PBXVariantGroup section */

/* Begin XCBuildConfiguration section */
		68FB219726DFD501006387A2 /* Debug */ = {
			isa = XCBuildConfiguration;
			buildSettings = {
				ALWAYS_SEARCH_USER_PATHS = NO;
				CLANG_ANALYZER_NONNULL = YES;
				CLANG_ANALYZER_NUMBER_OBJECT_CONVERSION = YES_AGGRESSIVE;
				CLANG_CXX_LANGUAGE_STANDARD = "gnu++14";
				CLANG_CXX_LIBRARY = "libc++";
				CLANG_ENABLE_MODULES = YES;
				CLANG_ENABLE_OBJC_ARC = YES;
				CLANG_ENABLE_OBJC_WEAK = YES;
				CLANG_WARN_BLOCK_CAPTURE_AUTORELEASING = YES;
				CLANG_WARN_BOOL_CONVERSION = YES;
				CLANG_WARN_COMMA = YES;
				CLANG_WARN_CONSTANT_CONVERSION = YES;
				CLANG_WARN_DEPRECATED_OBJC_IMPLEMENTATIONS = YES;
				CLANG_WARN_DIRECT_OBJC_ISA_USAGE = YES_ERROR;
				CLANG_WARN_DOCUMENTATION_COMMENTS = YES;
				CLANG_WARN_EMPTY_BODY = YES;
				CLANG_WARN_ENUM_CONVERSION = YES;
				CLANG_WARN_INFINITE_RECURSION = YES;
				CLANG_WARN_INT_CONVERSION = YES;
				CLANG_WARN_NON_LITERAL_NULL_CONVERSION = YES;
				CLANG_WARN_OBJC_IMPLICIT_RETAIN_SELF = YES;
				CLANG_WARN_OBJC_LITERAL_CONVERSION = YES;
				CLANG_WARN_OBJC_ROOT_CLASS = YES_ERROR;
				CLANG_WARN_QUOTED_INCLUDE_IN_FRAMEWORK_HEADER = YES;
				CLANG_WARN_RANGE_LOOP_ANALYSIS = YES;
				CLANG_WARN_STRICT_PROTOTYPES = YES;
				CLANG_WARN_SUSPICIOUS_MOVE = YES;
				CLANG_WARN_UNGUARDED_AVAILABILITY = YES_AGGRESSIVE;
				CLANG_WARN_UNREACHABLE_CODE = YES;
				CLANG_WARN__DUPLICATE_METHOD_MATCH = YES;
				COPY_PHASE_STRIP = NO;
				DEBUG_INFORMATION_FORMAT = dwarf;
				ENABLE_STRICT_OBJC_MSGSEND = YES;
				ENABLE_TESTABILITY = YES;
				GCC_C_LANGUAGE_STANDARD = gnu11;
				GCC_DYNAMIC_NO_PIC = NO;
				GCC_NO_COMMON_BLOCKS = YES;
				GCC_OPTIMIZATION_LEVEL = 0;
				GCC_PREPROCESSOR_DEFINITIONS = (
					"DEBUG=1",
					"$(inherited)",
				);
				GCC_WARN_64_TO_32_BIT_CONVERSION = YES;
				GCC_WARN_ABOUT_RETURN_TYPE = YES_ERROR;
				GCC_WARN_UNDECLARED_SELECTOR = YES;
				GCC_WARN_UNINITIALIZED_AUTOS = YES_AGGRESSIVE;
				GCC_WARN_UNUSED_FUNCTION = YES;
				GCC_WARN_UNUSED_VARIABLE = YES;
				IPHONEOS_DEPLOYMENT_TARGET = 14.5;
				MTL_ENABLE_DEBUG_INFO = INCLUDE_SOURCE;
				MTL_FAST_MATH = YES;
				ONLY_ACTIVE_ARCH = YES;
				SDKROOT = iphoneos;
				SWIFT_ACTIVE_COMPILATION_CONDITIONS = DEBUG;
				SWIFT_OPTIMIZATION_LEVEL = "-Onone";
			};
			name = Debug;
		};
		68FB219826DFD501006387A2 /* Release */ = {
			isa = XCBuildConfiguration;
			buildSettings = {
				ALWAYS_SEARCH_USER_PATHS = NO;
				CLANG_ANALYZER_NONNULL = YES;
				CLANG_ANALYZER_NUMBER_OBJECT_CONVERSION = YES_AGGRESSIVE;
				CLANG_CXX_LANGUAGE_STANDARD = "gnu++14";
				CLANG_CXX_LIBRARY = "libc++";
				CLANG_ENABLE_MODULES = YES;
				CLANG_ENABLE_OBJC_ARC = YES;
				CLANG_ENABLE_OBJC_WEAK = YES;
				CLANG_WARN_BLOCK_CAPTURE_AUTORELEASING = YES;
				CLANG_WARN_BOOL_CONVERSION = YES;
				CLANG_WARN_COMMA = YES;
				CLANG_WARN_CONSTANT_CONVERSION = YES;
				CLANG_WARN_DEPRECATED_OBJC_IMPLEMENTATIONS = YES;
				CLANG_WARN_DIRECT_OBJC_ISA_USAGE = YES_ERROR;
				CLANG_WARN_DOCUMENTATION_COMMENTS = YES;
				CLANG_WARN_EMPTY_BODY = YES;
				CLANG_WARN_ENUM_CONVERSION = YES;
				CLANG_WARN_INFINITE_RECURSION = YES;
				CLANG_WARN_INT_CONVERSION = YES;
				CLANG_WARN_NON_LITERAL_NULL_CONVERSION = YES;
				CLANG_WARN_OBJC_IMPLICIT_RETAIN_SELF = YES;
				CLANG_WARN_OBJC_LITERAL_CONVERSION = YES;
				CLANG_WARN_OBJC_ROOT_CLASS = YES_ERROR;
				CLANG_WARN_QUOTED_INCLUDE_IN_FRAMEWORK_HEADER = YES;
				CLANG_WARN_RANGE_LOOP_ANALYSIS = YES;
				CLANG_WARN_STRICT_PROTOTYPES = YES;
				CLANG_WARN_SUSPICIOUS_MOVE = YES;
				CLANG_WARN_UNGUARDED_AVAILABILITY = YES_AGGRESSIVE;
				CLANG_WARN_UNREACHABLE_CODE = YES;
				CLANG_WARN__DUPLICATE_METHOD_MATCH = YES;
				COPY_PHASE_STRIP = NO;
				DEBUG_INFORMATION_FORMAT = "dwarf-with-dsym";
				ENABLE_NS_ASSERTIONS = NO;
				ENABLE_STRICT_OBJC_MSGSEND = YES;
				GCC_C_LANGUAGE_STANDARD = gnu11;
				GCC_NO_COMMON_BLOCKS = YES;
				GCC_WARN_64_TO_32_BIT_CONVERSION = YES;
				GCC_WARN_ABOUT_RETURN_TYPE = YES_ERROR;
				GCC_WARN_UNDECLARED_SELECTOR = YES;
				GCC_WARN_UNINITIALIZED_AUTOS = YES_AGGRESSIVE;
				GCC_WARN_UNUSED_FUNCTION = YES;
				GCC_WARN_UNUSED_VARIABLE = YES;
				IPHONEOS_DEPLOYMENT_TARGET = 14.5;
				MTL_ENABLE_DEBUG_INFO = NO;
				MTL_FAST_MATH = YES;
				SDKROOT = iphoneos;
				SWIFT_COMPILATION_MODE = wholemodule;
				SWIFT_OPTIMIZATION_LEVEL = "-O";
				VALIDATE_PRODUCT = YES;
			};
			name = Release;
		};
		68FB219A26DFD501006387A2 /* Debug */ = {
			isa = XCBuildConfiguration;
			buildSettings = {
				ASSETCATALOG_COMPILER_APPICON_NAME = AppIcon;
				ASSETCATALOG_COMPILER_GLOBAL_ACCENT_COLOR_NAME = AccentColor;
				CODE_SIGN_STYLE = Automatic;
				DEVELOPMENT_TEAM = HNL8ZJJ645;
				INFOPLIST_FILE = Plong/Info.plist;
				LD_RUNPATH_SEARCH_PATHS = (
					"$(inherited)",
					"@executable_path/Frameworks",
				);
				PRODUCT_BUNDLE_IDENTIFIER = blog.tilcode.Plong;
				PRODUCT_NAME = "$(TARGET_NAME)";
				SWIFT_VERSION = 5.0;
				TARGETED_DEVICE_FAMILY = "1,2";
			};
			name = Debug;
		};
		68FB219B26DFD501006387A2 /* Release */ = {
			isa = XCBuildConfiguration;
			buildSettings = {
				ASSETCATALOG_COMPILER_APPICON_NAME = AppIcon;
				ASSETCATALOG_COMPILER_GLOBAL_ACCENT_COLOR_NAME = AccentColor;
				CODE_SIGN_STYLE = Automatic;
				DEVELOPMENT_TEAM = HNL8ZJJ645;
				INFOPLIST_FILE = Plong/Info.plist;
				LD_RUNPATH_SEARCH_PATHS = (
					"$(inherited)",
					"@executable_path/Frameworks",
				);
				PRODUCT_BUNDLE_IDENTIFIER = blog.tilcode.Plong;
				PRODUCT_NAME = "$(TARGET_NAME)";
				SWIFT_VERSION = 5.0;
				TARGETED_DEVICE_FAMILY = "1,2";
			};
			name = Release;
		};
/* End XCBuildConfiguration section */

/* Begin XCConfigurationList section */
		68FB217F26DFD4FE006387A2 /* Build configuration list for PBXProject "Plong" */ = {
			isa = XCConfigurationList;
			buildConfigurations = (
				68FB219726DFD501006387A2 /* Debug */,
				68FB219826DFD501006387A2 /* Release */,
			);
			defaultConfigurationIsVisible = 0;
			defaultConfigurationName = Release;
		};
		68FB219926DFD501006387A2 /* Build configuration list for PBXNativeTarget "Plong" */ = {
			isa = XCConfigurationList;
			buildConfigurations = (
				68FB219A26DFD501006387A2 /* Debug */,
				68FB219B26DFD501006387A2 /* Release */,
			);
			defaultConfigurationIsVisible = 0;
			defaultConfigurationName = Release;
		};
/* End XCConfigurationList section */
	};
	rootObject = 68FB217C26DFD4FE006387A2 /* Project object */;
}
